
Microsoft Visual Studio Solution File, Format Version 12.00
# Visual Studio 15
VisualStudioVersion = 15.0.28307.168
MinimumVisualStudioVersion = 10.0.40219.1
Project("{FAE04EC0-301F-11D3-BF4B-00C04F79EFBC}") = "01.ChronalCalibration", "01.ChronalCalibration\01.ChronalCalibration.csproj", "{C1424188-8042-4492-9867-5D13DEDF644E}"
EndProject
Project("{FAE04EC0-301F-11D3-BF4B-00C04F79EFBC}") = "02.InventoryManagementSystem", "02.InventoryManagementSystem\02.InventoryManagementSystem.csproj", "{E92E3533-D031-463F-8BE1-B2E842CC8EC9}"
EndProject
Project("{FAE04EC0-301F-11D3-BF4B-00C04F79EFBC}") = "03.NoMatterHowYouSliceIt", "03.NoMatterHowYouSliceIt\03.NoMatterHowYouSliceIt.csproj", "{31FF001D-4F51-416F-9ABF-9F6C13D9825E}"
EndProject
Project("{FAE04EC0-301F-11D3-BF4B-00C04F79EFBC}") = "04.ReposeRecord", "04.ReposeRecord\04.ReposeRecord.csproj", "{8CD7E711-8243-4CCD-AD3C-38214AAFD303}"
EndProject
Project("{FAE04EC0-301F-11D3-BF4B-00C04F79EFBC}") = "05.AlchemicalReduction", "05.AlchemicalReduction\05.AlchemicalReduction.csproj", "{67732716-9484-40D9-9251-19AF2171960C}"
EndProject
Project("{FAE04EC0-301F-11D3-BF4B-00C04F79EFBC}") = "06.ChronalCoordinates", "06.ChronalCoordinates\06.ChronalCoordinates.csproj", "{F67D86B0-7282-42B7-A7D0-64B4B58EB35B}"
EndProject
Project("{FAE04EC0-301F-11D3-BF4B-00C04F79EFBC}") = "07.TheSumOfItsParts", "07.TheSumOfItsParts\07.TheSumOfItsParts.csproj", "{67B4261C-2DBE-4564-ADC2-A96F68EDBA5D}"
EndProject
Project("{FAE04EC0-301F-11D3-BF4B-00C04F79EFBC}") = "08.MemoryManeuver", "08.MemoryManeuver\08.MemoryManeuver.csproj", "{E3DFEEB1-2995-4752-8345-68AF6A7B782A}"
EndProject
Global
	GlobalSection(SolutionConfigurationPlatforms) = preSolution
		Debug|Any CPU = Debug|Any CPU
		Release|Any CPU = Release|Any CPU
	EndGlobalSection
	GlobalSection(ProjectConfigurationPlatforms) = postSolution
		{C1424188-8042-4492-9867-5D13DEDF644E}.Debug|Any CPU.ActiveCfg = Debug|Any CPU
		{C1424188-8042-4492-9867-5D13DEDF644E}.Debug|Any CPU.Build.0 = Debug|Any CPU
		{C1424188-8042-4492-9867-5D13DEDF644E}.Release|Any CPU.ActiveCfg = Release|Any CPU
		{C1424188-8042-4492-9867-5D13DEDF644E}.Release|Any CPU.Build.0 = Release|Any CPU
		{E92E3533-D031-463F-8BE1-B2E842CC8EC9}.Debug|Any CPU.ActiveCfg = Debug|Any CPU
		{E92E3533-D031-463F-8BE1-B2E842CC8EC9}.Debug|Any CPU.Build.0 = Debug|Any CPU
		{E92E3533-D031-463F-8BE1-B2E842CC8EC9}.Release|Any CPU.ActiveCfg = Release|Any CPU
		{E92E3533-D031-463F-8BE1-B2E842CC8EC9}.Release|Any CPU.Build.0 = Release|Any CPU
		{31FF001D-4F51-416F-9ABF-9F6C13D9825E}.Debug|Any CPU.ActiveCfg = Debug|Any CPU
		{31FF001D-4F51-416F-9ABF-9F6C13D9825E}.Debug|Any CPU.Build.0 = Debug|Any CPU
		{31FF001D-4F51-416F-9ABF-9F6C13D9825E}.Release|Any CPU.ActiveCfg = Release|Any CPU
		{31FF001D-4F51-416F-9ABF-9F6C13D9825E}.Release|Any CPU.Build.0 = Release|Any CPU
		{8CD7E711-8243-4CCD-AD3C-38214AAFD303}.Debug|Any CPU.ActiveCfg = Debug|Any CPU
		{8CD7E711-8243-4CCD-AD3C-38214AAFD303}.Debug|Any CPU.Build.0 = Debug|Any CPU
		{8CD7E711-8243-4CCD-AD3C-38214AAFD303}.Release|Any CPU.ActiveCfg = Release|Any CPU
		{8CD7E711-8243-4CCD-AD3C-38214AAFD303}.Release|Any CPU.Build.0 = Release|Any CPU
		{67732716-9484-40D9-9251-19AF2171960C}.Debug|Any CPU.ActiveCfg = Debug|Any CPU
		{67732716-9484-40D9-9251-19AF2171960C}.Debug|Any CPU.Build.0 = Debug|Any CPU
		{67732716-9484-40D9-9251-19AF2171960C}.Release|Any CPU.ActiveCfg = Release|Any CPU
		{67732716-9484-40D9-9251-19AF2171960C}.Release|Any CPU.Build.0 = Release|Any CPU
		{F67D86B0-7282-42B7-A7D0-64B4B58EB35B}.Debug|Any CPU.ActiveCfg = Debug|Any CPU
		{F67D86B0-7282-42B7-A7D0-64B4B58EB35B}.Debug|Any CPU.Build.0 = Debug|Any CPU
		{F67D86B0-7282-42B7-A7D0-64B4B58EB35B}.Release|Any CPU.ActiveCfg = Release|Any CPU
		{F67D86B0-7282-42B7-A7D0-64B4B58EB35B}.Release|Any CPU.Build.0 = Release|Any CPU
		{67B4261C-2DBE-4564-ADC2-A96F68EDBA5D}.Debug|Any CPU.ActiveCfg = Debug|Any CPU
		{67B4261C-2DBE-4564-ADC2-A96F68EDBA5D}.Debug|Any CPU.Build.0 = Debug|Any CPU
		{67B4261C-2DBE-4564-ADC2-A96F68EDBA5D}.Release|Any CPU.ActiveCfg = Release|Any CPU
		{67B4261C-2DBE-4564-ADC2-A96F68EDBA5D}.Release|Any CPU.Build.0 = Release|Any CPU
		{E3DFEEB1-2995-4752-8345-68AF6A7B782A}.Debug|Any CPU.ActiveCfg = Debug|Any CPU
		{E3DFEEB1-2995-4752-8345-68AF6A7B782A}.Debug|Any CPU.Build.0 = Debug|Any CPU
		{E3DFEEB1-2995-4752-8345-68AF6A7B782A}.Release|Any CPU.ActiveCfg = Release|Any CPU
		{E3DFEEB1-2995-4752-8345-68AF6A7B782A}.Release|Any CPU.Build.0 = Release|Any CPU
	EndGlobalSection
	GlobalSection(SolutionProperties) = preSolution
		HideSolutionNode = FALSE
	EndGlobalSection
	GlobalSection(ExtensibilityGlobals) = postSolution
		SolutionGuid = {DEB553F1-2EE0-4EED-B429-67046806D2D8}
	EndGlobalSection
EndGlobal
