
Microsoft Visual Studio Solution File, Format Version 12.00
# Visual Studio 14
VisualStudioVersion = 14.0.23107.0
MinimumVisualStudioVersion = 10.0.40219.1
Project("{FAE04EC0-301F-11D3-BF4B-00C04F79EFBC}") = "01. NotQuiteLisp", "01. NotQuiteLisp\01. NotQuiteLisp.csproj", "{BA366847-EB91-4F9F-B703-562D27D527BE}"
EndProject
Project("{FAE04EC0-301F-11D3-BF4B-00C04F79EFBC}") = "02. IWasToldThereWouldBeNoMath", "02. IWasToldThereWouldBeNoMath\02. IWasToldThereWouldBeNoMath.csproj", "{26F2F2C2-C6B7-4990-A0DA-4EF9BF3565AE}"
EndProject
Project("{FAE04EC0-301F-11D3-BF4B-00C04F79EFBC}") = "03. PerfectlySphericalHousesInAVacuum", "03. PerfectlySphericalHousesInAVacuum\03. PerfectlySphericalHousesInAVacuum.csproj", "{C1818EE5-3F37-425E-A826-A0246021588B}"
EndProject
Project("{FAE04EC0-301F-11D3-BF4B-00C04F79EFBC}") = "Hashing", "Hashing\Hashing.csproj", "{93F33742-E96E-4FA7-8795-D8E6DA36DEC8}"
EndProject
Project("{FAE04EC0-301F-11D3-BF4B-00C04F79EFBC}") = "04. TheIdealStockingStuffer", "04. TheIdealStockingStuffer\04. TheIdealStockingStuffer.csproj", "{4A85E968-5DDB-40F4-AF7A-1E961AFCE254}"
EndProject
Global
	GlobalSection(SolutionConfigurationPlatforms) = preSolution
		Debug|Any CPU = Debug|Any CPU
		Release|Any CPU = Release|Any CPU
	EndGlobalSection
	GlobalSection(ProjectConfigurationPlatforms) = postSolution
		{BA366847-EB91-4F9F-B703-562D27D527BE}.Debug|Any CPU.ActiveCfg = Debug|Any CPU
		{BA366847-EB91-4F9F-B703-562D27D527BE}.Debug|Any CPU.Build.0 = Debug|Any CPU
		{BA366847-EB91-4F9F-B703-562D27D527BE}.Release|Any CPU.ActiveCfg = Release|Any CPU
		{BA366847-EB91-4F9F-B703-562D27D527BE}.Release|Any CPU.Build.0 = Release|Any CPU
		{26F2F2C2-C6B7-4990-A0DA-4EF9BF3565AE}.Debug|Any CPU.ActiveCfg = Debug|Any CPU
		{26F2F2C2-C6B7-4990-A0DA-4EF9BF3565AE}.Debug|Any CPU.Build.0 = Debug|Any CPU
		{26F2F2C2-C6B7-4990-A0DA-4EF9BF3565AE}.Release|Any CPU.ActiveCfg = Release|Any CPU
		{26F2F2C2-C6B7-4990-A0DA-4EF9BF3565AE}.Release|Any CPU.Build.0 = Release|Any CPU
		{C1818EE5-3F37-425E-A826-A0246021588B}.Debug|Any CPU.ActiveCfg = Debug|Any CPU
		{C1818EE5-3F37-425E-A826-A0246021588B}.Debug|Any CPU.Build.0 = Debug|Any CPU
		{C1818EE5-3F37-425E-A826-A0246021588B}.Release|Any CPU.ActiveCfg = Release|Any CPU
		{C1818EE5-3F37-425E-A826-A0246021588B}.Release|Any CPU.Build.0 = Release|Any CPU
		{93F33742-E96E-4FA7-8795-D8E6DA36DEC8}.Debug|Any CPU.ActiveCfg = Debug|Any CPU
		{93F33742-E96E-4FA7-8795-D8E6DA36DEC8}.Debug|Any CPU.Build.0 = Debug|Any CPU
		{93F33742-E96E-4FA7-8795-D8E6DA36DEC8}.Release|Any CPU.ActiveCfg = Release|Any CPU
		{93F33742-E96E-4FA7-8795-D8E6DA36DEC8}.Release|Any CPU.Build.0 = Release|Any CPU
		{4A85E968-5DDB-40F4-AF7A-1E961AFCE254}.Debug|Any CPU.ActiveCfg = Debug|Any CPU
		{4A85E968-5DDB-40F4-AF7A-1E961AFCE254}.Debug|Any CPU.Build.0 = Debug|Any CPU
		{4A85E968-5DDB-40F4-AF7A-1E961AFCE254}.Release|Any CPU.ActiveCfg = Release|Any CPU
		{4A85E968-5DDB-40F4-AF7A-1E961AFCE254}.Release|Any CPU.Build.0 = Release|Any CPU
	EndGlobalSection
	GlobalSection(SolutionProperties) = preSolution
		HideSolutionNode = FALSE
	EndGlobalSection
EndGlobal
