
Microsoft Visual Studio Solution File, Format Version 12.00
# Visual Studio 15
VisualStudioVersion = 15.0.27130.2036
MinimumVisualStudioVersion = 10.0.40219.1
Project("{FAE04EC0-301F-11D3-BF4B-00C04F79EFBC}") = "01.Taxicab", "01.Taxicab\01.Taxicab.csproj", "{211082B4-6698-40D0-B95E-654371E55404}"
EndProject
Project("{FAE04EC0-301F-11D3-BF4B-00C04F79EFBC}") = "02.BathroomSecurity", "02.BathroomSecurity\02.BathroomSecurity.csproj", "{3A9ABD7C-372F-459A-A574-7AA86C458086}"
EndProject
Project("{FAE04EC0-301F-11D3-BF4B-00C04F79EFBC}") = "03.Triangles", "03.Triangles\03.Triangles.csproj", "{E1CE9843-7723-462D-8071-97840B3CC9A9}"
EndProject
Project("{FAE04EC0-301F-11D3-BF4B-00C04F79EFBC}") = "04.Obscurity", "04.Obscurity\04.Obscurity.csproj", "{8DDB4A5D-038A-4E47-A188-56F928CF8FAE}"
EndProject
Project("{FAE04EC0-301F-11D3-BF4B-00C04F79EFBC}") = "06.SignalsAndNoise", "06.SignalsAndNoise\06.SignalsAndNoise.csproj", "{EEECD710-C8BB-41FF-90A7-E350D5A2C658}"
EndProject
Project("{FAE04EC0-301F-11D3-BF4B-00C04F79EFBC}") = "07.InternetProtocol", "07.InternetProtocol\07.InternetProtocol.csproj", "{5E16D1C4-7AA7-47B9-9F71-AD825DC18EE6}"
EndProject
Project("{FAE04EC0-301F-11D3-BF4B-00C04F79EFBC}") = "08.TwoFactorAuthentication", "08.TwoFactorAuthentication\08.TwoFactorAuthentication.csproj", "{BC362481-E695-43BA-8C05-359BCF146E7A}"
EndProject
Project("{FAE04EC0-301F-11D3-BF4B-00C04F79EFBC}") = "09.Explosives", "09.Explosives\09.Explosives.csproj", "{1FB195D7-DFBE-4775-89A6-672A959D3C90}"
EndProject
Project("{FAE04EC0-301F-11D3-BF4B-00C04F79EFBC}") = "10.BalanceBots", "10.BalanceBots\10.BalanceBots.csproj", "{B4BD7DF6-5276-4689-BBE7-7C0452855664}"
EndProject
Global
	GlobalSection(SolutionConfigurationPlatforms) = preSolution
		Debug|Any CPU = Debug|Any CPU
		Release|Any CPU = Release|Any CPU
	EndGlobalSection
	GlobalSection(ProjectConfigurationPlatforms) = postSolution
		{211082B4-6698-40D0-B95E-654371E55404}.Debug|Any CPU.ActiveCfg = Debug|Any CPU
		{211082B4-6698-40D0-B95E-654371E55404}.Debug|Any CPU.Build.0 = Debug|Any CPU
		{211082B4-6698-40D0-B95E-654371E55404}.Release|Any CPU.ActiveCfg = Release|Any CPU
		{211082B4-6698-40D0-B95E-654371E55404}.Release|Any CPU.Build.0 = Release|Any CPU
		{3A9ABD7C-372F-459A-A574-7AA86C458086}.Debug|Any CPU.ActiveCfg = Debug|Any CPU
		{3A9ABD7C-372F-459A-A574-7AA86C458086}.Debug|Any CPU.Build.0 = Debug|Any CPU
		{3A9ABD7C-372F-459A-A574-7AA86C458086}.Release|Any CPU.ActiveCfg = Release|Any CPU
		{3A9ABD7C-372F-459A-A574-7AA86C458086}.Release|Any CPU.Build.0 = Release|Any CPU
		{E1CE9843-7723-462D-8071-97840B3CC9A9}.Debug|Any CPU.ActiveCfg = Debug|Any CPU
		{E1CE9843-7723-462D-8071-97840B3CC9A9}.Debug|Any CPU.Build.0 = Debug|Any CPU
		{E1CE9843-7723-462D-8071-97840B3CC9A9}.Release|Any CPU.ActiveCfg = Release|Any CPU
		{E1CE9843-7723-462D-8071-97840B3CC9A9}.Release|Any CPU.Build.0 = Release|Any CPU
		{8DDB4A5D-038A-4E47-A188-56F928CF8FAE}.Debug|Any CPU.ActiveCfg = Debug|Any CPU
		{8DDB4A5D-038A-4E47-A188-56F928CF8FAE}.Debug|Any CPU.Build.0 = Debug|Any CPU
		{8DDB4A5D-038A-4E47-A188-56F928CF8FAE}.Release|Any CPU.ActiveCfg = Release|Any CPU
		{8DDB4A5D-038A-4E47-A188-56F928CF8FAE}.Release|Any CPU.Build.0 = Release|Any CPU
		{EEECD710-C8BB-41FF-90A7-E350D5A2C658}.Debug|Any CPU.ActiveCfg = Debug|Any CPU
		{EEECD710-C8BB-41FF-90A7-E350D5A2C658}.Debug|Any CPU.Build.0 = Debug|Any CPU
		{EEECD710-C8BB-41FF-90A7-E350D5A2C658}.Release|Any CPU.ActiveCfg = Release|Any CPU
		{EEECD710-C8BB-41FF-90A7-E350D5A2C658}.Release|Any CPU.Build.0 = Release|Any CPU
		{5E16D1C4-7AA7-47B9-9F71-AD825DC18EE6}.Debug|Any CPU.ActiveCfg = Debug|Any CPU
		{5E16D1C4-7AA7-47B9-9F71-AD825DC18EE6}.Debug|Any CPU.Build.0 = Debug|Any CPU
		{5E16D1C4-7AA7-47B9-9F71-AD825DC18EE6}.Release|Any CPU.ActiveCfg = Release|Any CPU
		{5E16D1C4-7AA7-47B9-9F71-AD825DC18EE6}.Release|Any CPU.Build.0 = Release|Any CPU
		{BC362481-E695-43BA-8C05-359BCF146E7A}.Debug|Any CPU.ActiveCfg = Debug|Any CPU
		{BC362481-E695-43BA-8C05-359BCF146E7A}.Debug|Any CPU.Build.0 = Debug|Any CPU
		{BC362481-E695-43BA-8C05-359BCF146E7A}.Release|Any CPU.ActiveCfg = Release|Any CPU
		{BC362481-E695-43BA-8C05-359BCF146E7A}.Release|Any CPU.Build.0 = Release|Any CPU
		{1FB195D7-DFBE-4775-89A6-672A959D3C90}.Debug|Any CPU.ActiveCfg = Debug|Any CPU
		{1FB195D7-DFBE-4775-89A6-672A959D3C90}.Debug|Any CPU.Build.0 = Debug|Any CPU
		{1FB195D7-DFBE-4775-89A6-672A959D3C90}.Release|Any CPU.ActiveCfg = Release|Any CPU
		{1FB195D7-DFBE-4775-89A6-672A959D3C90}.Release|Any CPU.Build.0 = Release|Any CPU
		{B4BD7DF6-5276-4689-BBE7-7C0452855664}.Debug|Any CPU.ActiveCfg = Debug|Any CPU
		{B4BD7DF6-5276-4689-BBE7-7C0452855664}.Debug|Any CPU.Build.0 = Debug|Any CPU
		{B4BD7DF6-5276-4689-BBE7-7C0452855664}.Release|Any CPU.ActiveCfg = Release|Any CPU
		{B4BD7DF6-5276-4689-BBE7-7C0452855664}.Release|Any CPU.Build.0 = Release|Any CPU
	EndGlobalSection
	GlobalSection(SolutionProperties) = preSolution
		HideSolutionNode = FALSE
	EndGlobalSection
	GlobalSection(ExtensibilityGlobals) = postSolution
		SolutionGuid = {E63C27E1-1BF9-4823-A28C-F39E82C33C2D}
	EndGlobalSection
EndGlobal
